{
  "nodes": {
    "nixpkgs": {
      "locked": {
        "lastModified": 1768902087,
        "narHash": "sha256-eEXIv1EJO0R5KCgBZWwp5gMsgVT/dOdl14QVC+UvPl0=",
        "owner": "NixOS",
        "repo": "nixpkgs",
        "rev": "8ba6491195210bbdbf933aebff07eaa8b57b64d0",
        "type": "github"
      },
      "original": {
        "owner": "NixOS",
        "repo": "nixpkgs",
        "type": "github"
      }
    },
    "root": {
      "inputs": {
        "nixpkgs": "nixpkgs"
      }
    }
  },
  "root": "root",
  "version": 7
}
