{
  "nodes": {
    "nixpkgs": {
      "locked": {
        "lastModified": 1766741806,
        "narHash": "sha256-ZzpnZJARMVxRhwYW/oagSibDWI8ZaBlM1cpbEhSGRT8=",
        "owner": "NixOS",
        "repo": "nixpkgs",
        "rev": "9064b65bd0f24f68f09d77139868e0b9ef5cf5a8",
        "type": "github"
      },
      "original": {
        "owner": "NixOS",
        "repo": "nixpkgs",
        "type": "github"
      }
    },
    "root": {
      "inputs": {
        "nixpkgs": "nixpkgs"
      }
    }
  },
  "root": "root",
  "version": 7
}
